// !$*UTF8*$!
{
	archiveVersion = 1;
	classes = {
	};
	objectVersion = 56;
	objects = {

/* Begin PBXBuildFile section */
		3703A3BE2A12EA370084D756 /* Localizable.strings in Resources */ = {isa = PBXBuildFile; fileRef = 3703A3BB2A12EA370084D756 /* Localizable.strings */; };
		3703A3C02A12F4F80084D756 /* Extension+String.swift in Sources */ = {isa = PBXBuildFile; fileRef = 3703A3BF2A12F4F80084D756 /* Extension+String.swift */; };
		3703A3C22A12F60D0084D756 /* Localization.swift in Sources */ = {isa = PBXBuildFile; fileRef = 3703A3C12A12F60D0084D756 /* Localization.swift */; };
		3703A3D52A13C0CF0084D756 /* TaskListItem+CoreDataClass.swift in Sources */ = {isa = PBXBuildFile; fileRef = 3703A3D32A13C0CF0084D756 /* TaskListItem+CoreDataClass.swift */; };
		3703A3D62A13C0CF0084D756 /* TaskListItem+CoreDataProperties.swift in Sources */ = {isa = PBXBuildFile; fileRef = 3703A3D42A13C0CF0084D756 /* TaskListItem+CoreDataProperties.swift */; };
		370EFFE62A14EE4600CF9C91 /* TaskDisplayTest.swift in Sources */ = {isa = PBXBuildFile; fileRef = 370EFFE52A14EE4600CF9C91 /* TaskDisplayTest.swift */; };
		370EFFF22A15144E00CF9C91 /* ToDoErrors.swift in Sources */ = {isa = PBXBuildFile; fileRef = 370EFFF12A15144E00CF9C91 /* ToDoErrors.swift */; };
		370EFFF32A15144E00CF9C91 /* ToDoErrors.swift in Sources */ = {isa = PBXBuildFile; fileRef = 370EFFF12A15144E00CF9C91 /* ToDoErrors.swift */; };
		372916372A1D04A200207C56 /* TaskManagerSwiftViewController.swift in Sources */ = {isa = PBXBuildFile; fileRef = 372916362A1D04A200207C56 /* TaskManagerSwiftViewController.swift */; };
		3729163C2A1F3F8900207C56 /* launchScreen.png in Resources */ = {isa = PBXBuildFile; fileRef = 3729163A2A1F3F8900207C56 /* launchScreen.png */; };
		3729163D2A1F3F8900207C56 /* launchScreen.svg in Resources */ = {isa = PBXBuildFile; fileRef = 3729163B2A1F3F8900207C56 /* launchScreen.svg */; };
		373167032A1B9E6C005CC146 /* DataServiceTest.swift in Sources */ = {isa = PBXBuildFile; fileRef = 373167022A1B9E6C005CC146 /* DataServiceTest.swift */; };
		373167072A1BF732005CC146 /* CoreDataStack.swift in Sources */ = {isa = PBXBuildFile; fileRef = 373167062A1BF732005CC146 /* CoreDataStack.swift */; };
		373167092A1BFD9D005CC146 /* Extension+NSManagedObject.swift in Sources */ = {isa = PBXBuildFile; fileRef = 373167082A1BFD9D005CC146 /* Extension+NSManagedObject.swift */; };
		37B54F342A02712B0064172C /* TaskDisplayBuilder.swift in Sources */ = {isa = PBXBuildFile; fileRef = 37B54F332A02712B0064172C /* TaskDisplayBuilder.swift */; };
		37B54F3C2A02AD0F0064172C /* TaskDisplayViewControllerInterface.swift in Sources */ = {isa = PBXBuildFile; fileRef = 37B54F3B2A02AD0F0064172C /* TaskDisplayViewControllerInterface.swift */; };
		37B54F3F2A02AD400064172C /* TaskDisplayPresenterInterface.swift in Sources */ = {isa = PBXBuildFile; fileRef = 37B54F3E2A02AD400064172C /* TaskDisplayPresenterInterface.swift */; };
		37B54F422A03861C0064172C /* DataServiceInterface.swift in Sources */ = {isa = PBXBuildFile; fileRef = 37B54F412A03861C0064172C /* DataServiceInterface.swift */; };
		37B54F492A03BCA40064172C /* SF-Pro-Display-Bold.otf in Resources */ = {isa = PBXBuildFile; fileRef = 37B54F472A03BCA40064172C /* SF-Pro-Display-Bold.otf */; };
		37B54F4A2A03BCA40064172C /* SF-Pro-Display-Regular.otf in Resources */ = {isa = PBXBuildFile; fileRef = 37B54F482A03BCA40064172C /* SF-Pro-Display-Regular.otf */; };
		37BA4F1E29FBB3B9006C5762 /* AppDelegate.swift in Sources */ = {isa = PBXBuildFile; fileRef = 37BA4F1D29FBB3B9006C5762 /* AppDelegate.swift */; };
		37BA4F2029FBB3B9006C5762 /* SceneDelegate.swift in Sources */ = {isa = PBXBuildFile; fileRef = 37BA4F1F29FBB3B9006C5762 /* SceneDelegate.swift */; };
		37BA4F2829FBB3B9006C5762 /* ToDoList.xcdatamodeld in Sources */ = {isa = PBXBuildFile; fileRef = 37BA4F2629FBB3B9006C5762 /* ToDoList.xcdatamodeld */; };
		37BA4F2A29FBB3B9006C5762 /* Assets.xcassets in Resources */ = {isa = PBXBuildFile; fileRef = 37BA4F2929FBB3B9006C5762 /* Assets.xcassets */; };
		37BA4F2D29FBB3B9006C5762 /* LaunchScreen.storyboard in Resources */ = {isa = PBXBuildFile; fileRef = 37BA4F2B29FBB3B9006C5762 /* LaunchScreen.storyboard */; };
		37BA4F3D29FBB50F006C5762 /* TaskDisplayViewController.swift in Sources */ = {isa = PBXBuildFile; fileRef = 37BA4F3B29FBB50F006C5762 /* TaskDisplayViewController.swift */; };
		37BA4F3E29FBB50F006C5762 /* TaskDisplayViewController.xib in Resources */ = {isa = PBXBuildFile; fileRef = 37BA4F3C29FBB50F006C5762 /* TaskDisplayViewController.xib */; };
		37BA4F4229FBBE68006C5762 /* TaskTableViewCell.swift in Sources */ = {isa = PBXBuildFile; fileRef = 37BA4F4029FBBE68006C5762 /* TaskTableViewCell.swift */; };
		37BA4F4329FBBE68006C5762 /* TaskTableViewCell.xib in Resources */ = {isa = PBXBuildFile; fileRef = 37BA4F4129FBBE68006C5762 /* TaskTableViewCell.xib */; };
		37CB666A29FC5B7A00DC231C /* Constants.swift in Sources */ = {isa = PBXBuildFile; fileRef = 37CB666929FC5B7A00DC231C /* Constants.swift */; };
		37CB667129FC5CB600DC231C /* DesignedSystem.swift in Sources */ = {isa = PBXBuildFile; fileRef = 37CB667029FC5CB600DC231C /* DesignedSystem.swift */; };
		37CB667829FC5F5200DC231C /* TaskItem.swift in Sources */ = {isa = PBXBuildFile; fileRef = 37CB667729FC5F5200DC231C /* TaskItem.swift */; };
		37CB667C29FC64CF00DC231C /* tableViewBackground.png in Resources */ = {isa = PBXBuildFile; fileRef = 37CB667B29FC64CF00DC231C /* tableViewBackground.png */; };
		37D08BF52A16117600315801 /* CoreDataStackTest.swift in Sources */ = {isa = PBXBuildFile; fileRef = 37D08BF42A16117600315801 /* CoreDataStackTest.swift */; };
		37D08BF72A16635F00315801 /* TaskManagerTest.swift in Sources */ = {isa = PBXBuildFile; fileRef = 37D08BF62A16635F00315801 /* TaskManagerTest.swift */; };
		37F3C8C42A013A7E005E92D1 /* DataService.swift in Sources */ = {isa = PBXBuildFile; fileRef = 37F3C8C32A013A7E005E92D1 /* DataService.swift */; };
		37F3C8C72A01469C005E92D1 /* TaskDisplayPresenter.swift in Sources */ = {isa = PBXBuildFile; fileRef = 37F3C8C62A01469C005E92D1 /* TaskDisplayPresenter.swift */; };
		37F3C8D02A023E46005E92D1 /* TaskTableViewHeaderFooterView.swift in Sources */ = {isa = PBXBuildFile; fileRef = 37F3C8CF2A023E46005E92D1 /* TaskTableViewHeaderFooterView.swift */; };
		37F540CE2A052DC500035236 /* TaskManagerViewController.swift in Sources */ = {isa = PBXBuildFile; fileRef = 37F540CC2A052DC500035236 /* TaskManagerViewController.swift */; };
		37F540CF2A052DC500035236 /* TaskManagerViewController.xib in Resources */ = {isa = PBXBuildFile; fileRef = 37F540CD2A052DC500035236 /* TaskManagerViewController.xib */; };
		37F540D22A052E0B00035236 /* TaskManagerBuilder.swift in Sources */ = {isa = PBXBuildFile; fileRef = 37F540D12A052E0B00035236 /* TaskManagerBuilder.swift */; };
		37F540D72A08513100035236 /* TaskManagerPresenter.swift in Sources */ = {isa = PBXBuildFile; fileRef = 37F540D62A08513100035236 /* TaskManagerPresenter.swift */; };
		37F540DA2A093A6F00035236 /* TaskManagerPresenterInterface.swift in Sources */ = {isa = PBXBuildFile; fileRef = 37F540D92A093A6F00035236 /* TaskManagerPresenterInterface.swift */; };
		37F540DD2A093AA500035236 /* TaskManagerViewControllerInterface.swift in Sources */ = {isa = PBXBuildFile; fileRef = 37F540DC2A093AA500035236 /* TaskManagerViewControllerInterface.swift */; };
		37F540E52A0D5EB800035236 /* Extension+UIViewController.swift in Sources */ = {isa = PBXBuildFile; fileRef = 37F540E42A0D5EB800035236 /* Extension+UIViewController.swift */; };
/* End PBXBuildFile section */

/* Begin PBXContainerItemProxy section */
		370EFFE72A14EE4600CF9C91 /* PBXContainerItemProxy */ = {
			isa = PBXContainerItemProxy;
			containerPortal = 37BA4F1229FBB3B9006C5762 /* Project object */;
			proxyType = 1;
			remoteGlobalIDString = 37BA4F1929FBB3B9006C5762;
			remoteInfo = ToDoList;
		};
/* End PBXContainerItemProxy section */

/* Begin PBXFileReference section */
		3703A3BC2A12EA370084D756 /* en */ = {isa = PBXFileReference; lastKnownFileType = text.plist.strings; name = en; path = en.lproj/Localizable.strings; sourceTree = "<group>"; };
		3703A3BD2A12EA370084D756 /* ru */ = {isa = PBXFileReference; lastKnownFileType = text.plist.strings; name = ru; path = ru.lproj/Localizable.strings; sourceTree = "<group>"; };
		3703A3BF2A12F4F80084D756 /* Extension+String.swift */ = {isa = PBXFileReference; lastKnownFileType = sourcecode.swift; path = "Extension+String.swift"; sourceTree = "<group>"; };
		3703A3C12A12F60D0084D756 /* Localization.swift */ = {isa = PBXFileReference; lastKnownFileType = sourcecode.swift; path = Localization.swift; sourceTree = "<group>"; };
		3703A3D32A13C0CF0084D756 /* TaskListItem+CoreDataClass.swift */ = {isa = PBXFileReference; lastKnownFileType = sourcecode.swift; path = "TaskListItem+CoreDataClass.swift"; sourceTree = "<group>"; };
		3703A3D42A13C0CF0084D756 /* TaskListItem+CoreDataProperties.swift */ = {isa = PBXFileReference; lastKnownFileType = sourcecode.swift; path = "TaskListItem+CoreDataProperties.swift"; sourceTree = "<group>"; };
		370EFFE32A14EE4600CF9C91 /* ToDoListTests.xctest */ = {isa = PBXFileReference; explicitFileType = wrapper.cfbundle; includeInIndex = 0; path = ToDoListTests.xctest; sourceTree = BUILT_PRODUCTS_DIR; };
		370EFFE52A14EE4600CF9C91 /* TaskDisplayTest.swift */ = {isa = PBXFileReference; lastKnownFileType = sourcecode.swift; path = TaskDisplayTest.swift; sourceTree = "<group>"; };
		370EFFF12A15144E00CF9C91 /* ToDoErrors.swift */ = {isa = PBXFileReference; lastKnownFileType = sourcecode.swift; path = ToDoErrors.swift; sourceTree = "<group>"; };
		372916362A1D04A200207C56 /* TaskManagerSwiftViewController.swift */ = {isa = PBXFileReference; lastKnownFileType = sourcecode.swift; path = TaskManagerSwiftViewController.swift; sourceTree = "<group>"; };
		3729163A2A1F3F8900207C56 /* launchScreen.png */ = {isa = PBXFileReference; lastKnownFileType = image.png; path = launchScreen.png; sourceTree = "<group>"; };
		3729163B2A1F3F8900207C56 /* launchScreen.svg */ = {isa = PBXFileReference; fileEncoding = 4; lastKnownFileType = text; path = launchScreen.svg; sourceTree = "<group>"; };
		373167022A1B9E6C005CC146 /* DataServiceTest.swift */ = {isa = PBXFileReference; lastKnownFileType = sourcecode.swift; path = DataServiceTest.swift; sourceTree = "<group>"; };
		373167062A1BF732005CC146 /* CoreDataStack.swift */ = {isa = PBXFileReference; lastKnownFileType = sourcecode.swift; path = CoreDataStack.swift; sourceTree = "<group>"; };
		373167082A1BFD9D005CC146 /* Extension+NSManagedObject.swift */ = {isa = PBXFileReference; lastKnownFileType = sourcecode.swift; path = "Extension+NSManagedObject.swift"; sourceTree = "<group>"; };
		37B54F332A02712B0064172C /* TaskDisplayBuilder.swift */ = {isa = PBXFileReference; lastKnownFileType = sourcecode.swift; path = TaskDisplayBuilder.swift; sourceTree = "<group>"; };
		37B54F3B2A02AD0F0064172C /* TaskDisplayViewControllerInterface.swift */ = {isa = PBXFileReference; lastKnownFileType = sourcecode.swift; path = TaskDisplayViewControllerInterface.swift; sourceTree = "<group>"; };
		37B54F3E2A02AD400064172C /* TaskDisplayPresenterInterface.swift */ = {isa = PBXFileReference; lastKnownFileType = sourcecode.swift; path = TaskDisplayPresenterInterface.swift; sourceTree = "<group>"; };
		37B54F412A03861C0064172C /* DataServiceInterface.swift */ = {isa = PBXFileReference; lastKnownFileType = sourcecode.swift; path = DataServiceInterface.swift; sourceTree = "<group>"; };
		37B54F472A03BCA40064172C /* SF-Pro-Display-Bold.otf */ = {isa = PBXFileReference; lastKnownFileType = file; path = "SF-Pro-Display-Bold.otf"; sourceTree = "<group>"; };
		37B54F482A03BCA40064172C /* SF-Pro-Display-Regular.otf */ = {isa = PBXFileReference; lastKnownFileType = file; path = "SF-Pro-Display-Regular.otf"; sourceTree = "<group>"; };
		37BA4F1A29FBB3B9006C5762 /* ToDoList.app */ = {isa = PBXFileReference; explicitFileType = wrapper.application; includeInIndex = 0; path = ToDoList.app; sourceTree = BUILT_PRODUCTS_DIR; };
		37BA4F1D29FBB3B9006C5762 /* AppDelegate.swift */ = {isa = PBXFileReference; lastKnownFileType = sourcecode.swift; path = AppDelegate.swift; sourceTree = "<group>"; };
		37BA4F1F29FBB3B9006C5762 /* SceneDelegate.swift */ = {isa = PBXFileReference; lastKnownFileType = sourcecode.swift; path = SceneDelegate.swift; sourceTree = "<group>"; };
		37BA4F2729FBB3B9006C5762 /* ToDoList.xcdatamodel */ = {isa = PBXFileReference; lastKnownFileType = wrapper.xcdatamodel; path = ToDoList.xcdatamodel; sourceTree = "<group>"; };
		37BA4F2929FBB3B9006C5762 /* Assets.xcassets */ = {isa = PBXFileReference; lastKnownFileType = folder.assetcatalog; path = Assets.xcassets; sourceTree = "<group>"; };
		37BA4F2C29FBB3B9006C5762 /* Base */ = {isa = PBXFileReference; lastKnownFileType = file.storyboard; name = Base; path = Base.lproj/LaunchScreen.storyboard; sourceTree = "<group>"; };
		37BA4F2E29FBB3B9006C5762 /* Info.plist */ = {isa = PBXFileReference; lastKnownFileType = text.plist.xml; path = Info.plist; sourceTree = "<group>"; };
		37BA4F3B29FBB50F006C5762 /* TaskDisplayViewController.swift */ = {isa = PBXFileReference; lastKnownFileType = sourcecode.swift; path = TaskDisplayViewController.swift; sourceTree = "<group>"; };
		37BA4F3C29FBB50F006C5762 /* TaskDisplayViewController.xib */ = {isa = PBXFileReference; lastKnownFileType = file.xib; path = TaskDisplayViewController.xib; sourceTree = "<group>"; };
		37BA4F4029FBBE68006C5762 /* TaskTableViewCell.swift */ = {isa = PBXFileReference; lastKnownFileType = sourcecode.swift; path = TaskTableViewCell.swift; sourceTree = "<group>"; };
		37BA4F4129FBBE68006C5762 /* TaskTableViewCell.xib */ = {isa = PBXFileReference; lastKnownFileType = file.xib; path = TaskTableViewCell.xib; sourceTree = "<group>"; };
		37CB666929FC5B7A00DC231C /* Constants.swift */ = {isa = PBXFileReference; lastKnownFileType = sourcecode.swift; path = Constants.swift; sourceTree = "<group>"; };
		37CB667029FC5CB600DC231C /* DesignedSystem.swift */ = {isa = PBXFileReference; lastKnownFileType = sourcecode.swift; path = DesignedSystem.swift; sourceTree = "<group>"; };
		37CB667729FC5F5200DC231C /* TaskItem.swift */ = {isa = PBXFileReference; lastKnownFileType = sourcecode.swift; path = TaskItem.swift; sourceTree = "<group>"; };
		37CB667B29FC64CF00DC231C /* tableViewBackground.png */ = {isa = PBXFileReference; lastKnownFileType = image.png; path = tableViewBackground.png; sourceTree = "<group>"; };
		37D08BF42A16117600315801 /* CoreDataStackTest.swift */ = {isa = PBXFileReference; lastKnownFileType = sourcecode.swift; path = CoreDataStackTest.swift; sourceTree = "<group>"; };
		37D08BF62A16635F00315801 /* TaskManagerTest.swift */ = {isa = PBXFileReference; lastKnownFileType = sourcecode.swift; path = TaskManagerTest.swift; sourceTree = "<group>"; };
		37F3C8C32A013A7E005E92D1 /* DataService.swift */ = {isa = PBXFileReference; lastKnownFileType = sourcecode.swift; path = DataService.swift; sourceTree = "<group>"; };
		37F3C8C62A01469C005E92D1 /* TaskDisplayPresenter.swift */ = {isa = PBXFileReference; lastKnownFileType = sourcecode.swift; path = TaskDisplayPresenter.swift; sourceTree = "<group>"; };
		37F3C8CF2A023E46005E92D1 /* TaskTableViewHeaderFooterView.swift */ = {isa = PBXFileReference; lastKnownFileType = sourcecode.swift; path = TaskTableViewHeaderFooterView.swift; sourceTree = "<group>"; };
		37F540CC2A052DC500035236 /* TaskManagerViewController.swift */ = {isa = PBXFileReference; lastKnownFileType = sourcecode.swift; path = TaskManagerViewController.swift; sourceTree = "<group>"; };
		37F540CD2A052DC500035236 /* TaskManagerViewController.xib */ = {isa = PBXFileReference; lastKnownFileType = file.xib; path = TaskManagerViewController.xib; sourceTree = "<group>"; };
		37F540D12A052E0B00035236 /* TaskManagerBuilder.swift */ = {isa = PBXFileReference; lastKnownFileType = sourcecode.swift; path = TaskManagerBuilder.swift; sourceTree = "<group>"; };
		37F540D62A08513100035236 /* TaskManagerPresenter.swift */ = {isa = PBXFileReference; lastKnownFileType = sourcecode.swift; path = TaskManagerPresenter.swift; sourceTree = "<group>"; };
		37F540D92A093A6F00035236 /* TaskManagerPresenterInterface.swift */ = {isa = PBXFileReference; lastKnownFileType = sourcecode.swift; path = TaskManagerPresenterInterface.swift; sourceTree = "<group>"; };
		37F540DC2A093AA500035236 /* TaskManagerViewControllerInterface.swift */ = {isa = PBXFileReference; lastKnownFileType = sourcecode.swift; path = TaskManagerViewControllerInterface.swift; sourceTree = "<group>"; };
		37F540E42A0D5EB800035236 /* Extension+UIViewController.swift */ = {isa = PBXFileReference; lastKnownFileType = sourcecode.swift; path = "Extension+UIViewController.swift"; sourceTree = "<group>"; };
/* End PBXFileReference section */

/* Begin PBXFrameworksBuildPhase section */
		370EFFE02A14EE4600CF9C91 /* Frameworks */ = {
			isa = PBXFrameworksBuildPhase;
			buildActionMask = 2147483647;
			files = (
			);
			runOnlyForDeploymentPostprocessing = 0;
		};
		37BA4F1729FBB3B9006C5762 /* Frameworks */ = {
			isa = PBXFrameworksBuildPhase;
			buildActionMask = 2147483647;
			files = (
			);
			runOnlyForDeploymentPostprocessing = 0;
		};
/* End PBXFrameworksBuildPhase section */

/* Begin PBXGroup section */
		3703A3BA2A12EA370084D756 /* Localization */ = {
			isa = PBXGroup;
			children = (
				3703A3BB2A12EA370084D756 /* Localizable.strings */,
			);
			path = Localization;
			sourceTree = "<group>";
		};
		370EFFE42A14EE4600CF9C91 /* ToDoListTests */ = {
			isa = PBXGroup;
			children = (
				373167022A1B9E6C005CC146 /* DataServiceTest.swift */,
				370EFFE52A14EE4600CF9C91 /* TaskDisplayTest.swift */,
				37D08BF62A16635F00315801 /* TaskManagerTest.swift */,
				370EFFF12A15144E00CF9C91 /* ToDoErrors.swift */,
				37D08BF42A16117600315801 /* CoreDataStackTest.swift */,
			);
			path = ToDoListTests;
			sourceTree = "<group>";
		};
		372916352A1D02FA00207C56 /* ViewModel */ = {
			isa = PBXGroup;
			children = (
			);
			path = ViewModel;
			sourceTree = "<group>";
		};
		37B54F312A0270F00064172C /* Builder */ = {
			isa = PBXGroup;
			children = (
				37B54F332A02712B0064172C /* TaskDisplayBuilder.swift */,
			);
			path = Builder;
			sourceTree = "<group>";
		};
		37B54F352A02AB8B0064172C /* Modules */ = {
			isa = PBXGroup;
			children = (
				37B54F372A02ABA60064172C /* TaskDisplay */,
				37B54F362A02AB9C0064172C /* TaskManager */,
			);
			path = Modules;
			sourceTree = "<group>";
		};
		37B54F362A02AB9C0064172C /* TaskManager */ = {
			isa = PBXGroup;
			children = (
				37F540C82A052CA400035236 /* Core */,
				37F540C92A052CAB00035236 /* Builder */,
			);
			path = TaskManager;
			sourceTree = "<group>";
		};
		37B54F372A02ABA60064172C /* TaskDisplay */ = {
			isa = PBXGroup;
			children = (
				37B54F382A02ABFD0064172C /* Core */,
				37B54F312A0270F00064172C /* Builder */,
			);
			path = TaskDisplay;
			sourceTree = "<group>";
		};
		37B54F382A02ABFD0064172C /* Core */ = {
			isa = PBXGroup;
			children = (
				37CB667229FC5DAE00DC231C /* Model */,
				37CB667329FC5DBB00DC231C /* Views */,
				37F3C8C52A014688005E92D1 /* Presenter */,
			);
			path = Core;
			sourceTree = "<group>";
		};
		37B54F3A2A02ACE30064172C /* Protocols */ = {
			isa = PBXGroup;
			children = (
				37B54F3B2A02AD0F0064172C /* TaskDisplayViewControllerInterface.swift */,
			);
			path = Protocols;
			sourceTree = "<group>";
		};
		37B54F3D2A02AD1F0064172C /* Protocols */ = {
			isa = PBXGroup;
			children = (
				37B54F3E2A02AD400064172C /* TaskDisplayPresenterInterface.swift */,
			);
			path = Protocols;
			sourceTree = "<group>";
		};
		37B54F402A0386090064172C /* Protocols */ = {
			isa = PBXGroup;
			children = (
				37B54F412A03861C0064172C /* DataServiceInterface.swift */,
			);
			path = Protocols;
			sourceTree = "<group>";
		};
		37BA4F1129FBB3B9006C5762 = {
			isa = PBXGroup;
			children = (
				37BA4F1C29FBB3B9006C5762 /* ToDoList */,
				370EFFE42A14EE4600CF9C91 /* ToDoListTests */,
				37BA4F1B29FBB3B9006C5762 /* Products */,
			);
			sourceTree = "<group>";
		};
		37BA4F1B29FBB3B9006C5762 /* Products */ = {
			isa = PBXGroup;
			children = (
				37BA4F1A29FBB3B9006C5762 /* ToDoList.app */,
				370EFFE32A14EE4600CF9C91 /* ToDoListTests.xctest */,
			);
			name = Products;
			sourceTree = "<group>";
		};
		37BA4F1C29FBB3B9006C5762 /* ToDoList */ = {
			isa = PBXGroup;
			children = (
				3703A3BA2A12EA370084D756 /* Localization */,
				37B54F352A02AB8B0064172C /* Modules */,
				37CB666829FC5B4900DC231C /* Classes */,
				37CB666E29FC5C1F00DC231C /* Storage */,
				37CB666D29FC5BD200DC231C /* Resources */,
				37CB666B29FC5BB400DC231C /* Extensions */,
			);
			path = ToDoList;
			sourceTree = "<group>";
		};
		37BA4F4729FBFBDC006C5762 /* Images */ = {
			isa = PBXGroup;
			children = (
				3729163A2A1F3F8900207C56 /* launchScreen.png */,
				3729163B2A1F3F8900207C56 /* launchScreen.svg */,
				37CB667B29FC64CF00DC231C /* tableViewBackground.png */,
			);
			path = Images;
			sourceTree = "<group>";
		};
		37CB666829FC5B4900DC231C /* Classes */ = {
			isa = PBXGroup;
			children = (
				37BA4F1D29FBB3B9006C5762 /* AppDelegate.swift */,
				37BA4F1F29FBB3B9006C5762 /* SceneDelegate.swift */,
				37CB666929FC5B7A00DC231C /* Constants.swift */,
			);
			path = Classes;
			sourceTree = "<group>";
		};
		37CB666B29FC5BB400DC231C /* Extensions */ = {
			isa = PBXGroup;
			children = (
				37F540E42A0D5EB800035236 /* Extension+UIViewController.swift */,
				3703A3BF2A12F4F80084D756 /* Extension+String.swift */,
				373167082A1BFD9D005CC146 /* Extension+NSManagedObject.swift */,
			);
			path = Extensions;
			sourceTree = "<group>";
		};
		37CB666D29FC5BD200DC231C /* Resources */ = {
			isa = PBXGroup;
			children = (
				37CB666F29FC5C9F00DC231C /* Fonts */,
				37BA4F4729FBFBDC006C5762 /* Images */,
				37BA4F2B29FBB3B9006C5762 /* LaunchScreen.storyboard */,
				37BA4F2929FBB3B9006C5762 /* Assets.xcassets */,
			);
			path = Resources;
			sourceTree = "<group>";
		};
		37CB666E29FC5C1F00DC231C /* Storage */ = {
			isa = PBXGroup;
			children = (
				37B54F402A0386090064172C /* Protocols */,
				373167062A1BF732005CC146 /* CoreDataStack.swift */,
				37F3C8C32A013A7E005E92D1 /* DataService.swift */,
				37BA4F2629FBB3B9006C5762 /* ToDoList.xcdatamodeld */,
				37BA4F2E29FBB3B9006C5762 /* Info.plist */,
			);
			path = Storage;
			sourceTree = "<group>";
		};
		37CB666F29FC5C9F00DC231C /* Fonts */ = {
			isa = PBXGroup;
			children = (
				37B54F472A03BCA40064172C /* SF-Pro-Display-Bold.otf */,
				37B54F482A03BCA40064172C /* SF-Pro-Display-Regular.otf */,
				37CB667029FC5CB600DC231C /* DesignedSystem.swift */,
				3703A3C12A12F60D0084D756 /* Localization.swift */,
			);
			path = Fonts;
			sourceTree = "<group>";
		};
		37CB667229FC5DAE00DC231C /* Model */ = {
			isa = PBXGroup;
			children = (
				3703A3D32A13C0CF0084D756 /* TaskListItem+CoreDataClass.swift */,
				3703A3D42A13C0CF0084D756 /* TaskListItem+CoreDataProperties.swift */,
				37CB667729FC5F5200DC231C /* TaskItem.swift */,
			);
			path = Model;
			sourceTree = "<group>";
		};
		37CB667329FC5DBB00DC231C /* Views */ = {
			isa = PBXGroup;
			children = (
				37B54F3A2A02ACE30064172C /* Protocols */,
				37BA4F3B29FBB50F006C5762 /* TaskDisplayViewController.swift */,
				37BA4F3C29FBB50F006C5762 /* TaskDisplayViewController.xib */,
				37F3C8CE2A023D6D005E92D1 /* TaskTableViewHeaderFooterView */,
				37CB667629FC5E8000DC231C /* TaskTableViewCell */,
			);
			path = Views;
			sourceTree = "<group>";
		};
		37CB667629FC5E8000DC231C /* TaskTableViewCell */ = {
			isa = PBXGroup;
			children = (
				37BA4F4029FBBE68006C5762 /* TaskTableViewCell.swift */,
				37BA4F4129FBBE68006C5762 /* TaskTableViewCell.xib */,
			);
			path = TaskTableViewCell;
			sourceTree = "<group>";
		};
		37F3C8C52A014688005E92D1 /* Presenter */ = {
			isa = PBXGroup;
			children = (
				37B54F3D2A02AD1F0064172C /* Protocols */,
				37F3C8C62A01469C005E92D1 /* TaskDisplayPresenter.swift */,
			);
			path = Presenter;
			sourceTree = "<group>";
		};
		37F3C8CE2A023D6D005E92D1 /* TaskTableViewHeaderFooterView */ = {
			isa = PBXGroup;
			children = (
				37F3C8CF2A023E46005E92D1 /* TaskTableViewHeaderFooterView.swift */,
			);
			path = TaskTableViewHeaderFooterView;
			sourceTree = "<group>";
		};
		37F540C82A052CA400035236 /* Core */ = {
			isa = PBXGroup;
			children = (
				372916352A1D02FA00207C56 /* ViewModel */,
				37F540CB2A052CE500035236 /* Presenter */,
				37F540CA2A052CD000035236 /* Views */,
			);
			path = Core;
			sourceTree = "<group>";
		};
		37F540C92A052CAB00035236 /* Builder */ = {
			isa = PBXGroup;
			children = (
				37F540D12A052E0B00035236 /* TaskManagerBuilder.swift */,
			);
			path = Builder;
			sourceTree = "<group>";
		};
		37F540CA2A052CD000035236 /* Views */ = {
			isa = PBXGroup;
			children = (
				37F540DB2A093A9400035236 /* Protocol */,
				37F540CC2A052DC500035236 /* TaskManagerViewController.swift */,
				37F540CD2A052DC500035236 /* TaskManagerViewController.xib */,
				372916362A1D04A200207C56 /* TaskManagerSwiftViewController.swift */,
			);
			path = Views;
			sourceTree = "<group>";
		};
		37F540CB2A052CE500035236 /* Presenter */ = {
			isa = PBXGroup;
			children = (
				37F540D82A093A5A00035236 /* Protocol */,
				37F540D62A08513100035236 /* TaskManagerPresenter.swift */,
			);
			path = Presenter;
			sourceTree = "<group>";
		};
		37F540D82A093A5A00035236 /* Protocol */ = {
			isa = PBXGroup;
			children = (
				37F540D92A093A6F00035236 /* TaskManagerPresenterInterface.swift */,
			);
			path = Protocol;
			sourceTree = "<group>";
		};
		37F540DB2A093A9400035236 /* Protocol */ = {
			isa = PBXGroup;
			children = (
				37F540DC2A093AA500035236 /* TaskManagerViewControllerInterface.swift */,
			);
			path = Protocol;
			sourceTree = "<group>";
		};
/* End PBXGroup section */

/* Begin PBXNativeTarget section */
		370EFFE22A14EE4600CF9C91 /* ToDoListTests */ = {
			isa = PBXNativeTarget;
			buildConfigurationList = 370EFFE92A14EE4600CF9C91 /* Build configuration list for PBXNativeTarget "ToDoListTests" */;
			buildPhases = (
				370EFFDF2A14EE4600CF9C91 /* Sources */,
				370EFFE02A14EE4600CF9C91 /* Frameworks */,
				370EFFE12A14EE4600CF9C91 /* Resources */,
			);
			buildRules = (
			);
			dependencies = (
				370EFFE82A14EE4600CF9C91 /* PBXTargetDependency */,
			);
			name = ToDoListTests;
			productName = ToDoListTests;
			productReference = 370EFFE32A14EE4600CF9C91 /* ToDoListTests.xctest */;
			productType = "com.apple.product-type.bundle.unit-test";
		};
		37BA4F1929FBB3B9006C5762 /* ToDoList */ = {
			isa = PBXNativeTarget;
			buildConfigurationList = 37BA4F3129FBB3B9006C5762 /* Build configuration list for PBXNativeTarget "ToDoList" */;
			buildPhases = (
				37BA4F1629FBB3B9006C5762 /* Sources */,
				37BA4F1729FBB3B9006C5762 /* Frameworks */,
				37BA4F1829FBB3B9006C5762 /* Resources */,
				37CB666729FC512400DC231C /* ShellScript */,
			);
			buildRules = (
			);
			dependencies = (
			);
			name = ToDoList;
			productName = ToDoList;
			productReference = 37BA4F1A29FBB3B9006C5762 /* ToDoList.app */;
			productType = "com.apple.product-type.application";
		};
/* End PBXNativeTarget section */

/* Begin PBXProject section */
		37BA4F1229FBB3B9006C5762 /* Project object */ = {
			isa = PBXProject;
			attributes = {
				BuildIndependentTargetsInParallel = 1;
				LastSwiftUpdateCheck = 1430;
				LastUpgradeCheck = 1430;
				TargetAttributes = {
					370EFFE22A14EE4600CF9C91 = {
						CreatedOnToolsVersion = 14.3;
						TestTargetID = 37BA4F1929FBB3B9006C5762;
					};
					37BA4F1929FBB3B9006C5762 = {
						CreatedOnToolsVersion = 14.3;
					};
				};
			};
			buildConfigurationList = 37BA4F1529FBB3B9006C5762 /* Build configuration list for PBXProject "ToDoList" */;
			compatibilityVersion = "Xcode 14.0";
			developmentRegion = en;
			hasScannedForEncodings = 0;
			knownRegions = (
				en,
				Base,
				ru,
			);
			mainGroup = 37BA4F1129FBB3B9006C5762;
			productRefGroup = 37BA4F1B29FBB3B9006C5762 /* Products */;
			projectDirPath = "";
			projectRoot = "";
			targets = (
				37BA4F1929FBB3B9006C5762 /* ToDoList */,
				370EFFE22A14EE4600CF9C91 /* ToDoListTests */,
			);
		};
/* End PBXProject section */

/* Begin PBXResourcesBuildPhase section */
		370EFFE12A14EE4600CF9C91 /* Resources */ = {
			isa = PBXResourcesBuildPhase;
			buildActionMask = 2147483647;
			files = (
			);
			runOnlyForDeploymentPostprocessing = 0;
		};
		37BA4F1829FBB3B9006C5762 /* Resources */ = {
			isa = PBXResourcesBuildPhase;
			buildActionMask = 2147483647;
			files = (
				37CB667C29FC64CF00DC231C /* tableViewBackground.png in Resources */,
				37BA4F2D29FBB3B9006C5762 /* LaunchScreen.storyboard in Resources */,
				3729163C2A1F3F8900207C56 /* launchScreen.png in Resources */,
				37B54F492A03BCA40064172C /* SF-Pro-Display-Bold.otf in Resources */,
				37BA4F2A29FBB3B9006C5762 /* Assets.xcassets in Resources */,
				3703A3BE2A12EA370084D756 /* Localizable.strings in Resources */,
				37BA4F3E29FBB50F006C5762 /* TaskDisplayViewController.xib in Resources */,
				37F540CF2A052DC500035236 /* TaskManagerViewController.xib in Resources */,
				37B54F4A2A03BCA40064172C /* SF-Pro-Display-Regular.otf in Resources */,
				3729163D2A1F3F8900207C56 /* launchScreen.svg in Resources */,
				37BA4F4329FBBE68006C5762 /* TaskTableViewCell.xib in Resources */,
			);
			runOnlyForDeploymentPostprocessing = 0;
		};
/* End PBXResourcesBuildPhase section */

/* Begin PBXShellScriptBuildPhase section */
		37CB666729FC512400DC231C /* ShellScript */ = {
			isa = PBXShellScriptBuildPhase;
			alwaysOutOfDate = 1;
			buildActionMask = 12;
			files = (
			);
			inputFileListPaths = (
			);
			inputPaths = (
			);
			outputFileListPaths = (
			);
			outputPaths = (
			);
			runOnlyForDeploymentPostprocessing = 0;
			shellPath = /bin/sh;
			shellScript = "if [[ \"$(uname -m)\" == arm64 ]]; then\n    export PATH=\"/opt/homebrew/bin:$PATH\"\nfi\n\nif which swiftlint > /dev/null; then\n  swiftlint\nelse\n  echo \"warning: SwiftLint not installed, download from https://github.com/realm/SwiftLint\"\nfi\n";
		};
/* End PBXShellScriptBuildPhase section */

/* Begin PBXSourcesBuildPhase section */
		370EFFDF2A14EE4600CF9C91 /* Sources */ = {
			isa = PBXSourcesBuildPhase;
			buildActionMask = 2147483647;
			files = (
				370EFFF32A15144E00CF9C91 /* ToDoErrors.swift in Sources */,
				37D08BF52A16117600315801 /* CoreDataStackTest.swift in Sources */,
				37D08BF72A16635F00315801 /* TaskManagerTest.swift in Sources */,
				370EFFE62A14EE4600CF9C91 /* TaskDisplayTest.swift in Sources */,
				373167032A1B9E6C005CC146 /* DataServiceTest.swift in Sources */,
			);
			runOnlyForDeploymentPostprocessing = 0;
		};
		37BA4F1629FBB3B9006C5762 /* Sources */ = {
			isa = PBXSourcesBuildPhase;
			buildActionMask = 2147483647;
			files = (
				37B54F342A02712B0064172C /* TaskDisplayBuilder.swift in Sources */,
				37F540D72A08513100035236 /* TaskManagerPresenter.swift in Sources */,
				370EFFF22A15144E00CF9C91 /* ToDoErrors.swift in Sources */,
				373167072A1BF732005CC146 /* CoreDataStack.swift in Sources */,
				37F540CE2A052DC500035236 /* TaskManagerViewController.swift in Sources */,
				37F540DD2A093AA500035236 /* TaskManagerViewControllerInterface.swift in Sources */,
				37BA4F1E29FBB3B9006C5762 /* AppDelegate.swift in Sources */,
				37CB667129FC5CB600DC231C /* DesignedSystem.swift in Sources */,
				37BA4F2029FBB3B9006C5762 /* SceneDelegate.swift in Sources */,
				37B54F3C2A02AD0F0064172C /* TaskDisplayViewControllerInterface.swift in Sources */,
				37F3C8C72A01469C005E92D1 /* TaskDisplayPresenter.swift in Sources */,
				37B54F3F2A02AD400064172C /* TaskDisplayPresenterInterface.swift in Sources */,
				37B54F422A03861C0064172C /* DataServiceInterface.swift in Sources */,
				37BA4F4229FBBE68006C5762 /* TaskTableViewCell.swift in Sources */,
				37F540D22A052E0B00035236 /* TaskManagerBuilder.swift in Sources */,
				37F3C8C42A013A7E005E92D1 /* DataService.swift in Sources */,
				37F3C8D02A023E46005E92D1 /* TaskTableViewHeaderFooterView.swift in Sources */,
				37F540E52A0D5EB800035236 /* Extension+UIViewController.swift in Sources */,
				3703A3D62A13C0CF0084D756 /* TaskListItem+CoreDataProperties.swift in Sources */,
				373167092A1BFD9D005CC146 /* Extension+NSManagedObject.swift in Sources */,
				372916372A1D04A200207C56 /* TaskManagerSwiftViewController.swift in Sources */,
				37CB666A29FC5B7A00DC231C /* Constants.swift in Sources */,
				37F540DA2A093A6F00035236 /* TaskManagerPresenterInterface.swift in Sources */,
				3703A3D52A13C0CF0084D756 /* TaskListItem+CoreDataClass.swift in Sources */,
				3703A3C02A12F4F80084D756 /* Extension+String.swift in Sources */,
				37BA4F2829FBB3B9006C5762 /* ToDoList.xcdatamodeld in Sources */,
				37CB667829FC5F5200DC231C /* TaskItem.swift in Sources */,
				3703A3C22A12F60D0084D756 /* Localization.swift in Sources */,
				37BA4F3D29FBB50F006C5762 /* TaskDisplayViewController.swift in Sources */,
			);
			runOnlyForDeploymentPostprocessing = 0;
		};
/* End PBXSourcesBuildPhase section */

/* Begin PBXTargetDependency section */
		370EFFE82A14EE4600CF9C91 /* PBXTargetDependency */ = {
			isa = PBXTargetDependency;
			target = 37BA4F1929FBB3B9006C5762 /* ToDoList */;
			targetProxy = 370EFFE72A14EE4600CF9C91 /* PBXContainerItemProxy */;
		};
/* End PBXTargetDependency section */

/* Begin PBXVariantGroup section */
		3703A3BB2A12EA370084D756 /* Localizable.strings */ = {
			isa = PBXVariantGroup;
			children = (
				3703A3BC2A12EA370084D756 /* en */,
				3703A3BD2A12EA370084D756 /* ru */,
			);
			name = Localizable.strings;
			sourceTree = "<group>";
		};
		37BA4F2B29FBB3B9006C5762 /* LaunchScreen.storyboard */ = {
			isa = PBXVariantGroup;
			children = (
				37BA4F2C29FBB3B9006C5762 /* Base */,
			);
			name = LaunchScreen.storyboard;
			sourceTree = "<group>";
		};
/* End PBXVariantGroup section */

/* Begin XCBuildConfiguration section */
		370EFFEA2A14EE4600CF9C91 /* Debug */ = {
			isa = XCBuildConfiguration;
			buildSettings = {
				BUNDLE_LOADER = "$(TEST_HOST)";
				CODE_SIGN_STYLE = Automatic;
				CURRENT_PROJECT_VERSION = 1;
				DEVELOPMENT_TEAM = FB8LQ6BXM4;
				GENERATE_INFOPLIST_FILE = YES;
				MARKETING_VERSION = 1.0;
				PRODUCT_BUNDLE_IDENTIFIER = md.list.ToDoListTests;
				"PRODUCT_BUNDLE_IDENTIFIER[sdk=iphoneos*]" = md.list.ToDOListTests;
				"PRODUCT_BUNDLE_IDENTIFIER[sdk=macosx*]" = md.list.ToDOListTests;
				PRODUCT_NAME = "$(TARGET_NAME)";
				SWIFT_EMIT_LOC_STRINGS = NO;
				SWIFT_VERSION = 5.0;
				TARGETED_DEVICE_FAMILY = "1,2";
				TEST_HOST = "$(BUILT_PRODUCTS_DIR)/ToDoList.app/$(BUNDLE_EXECUTABLE_FOLDER_PATH)/ToDoList";
			};
			name = Debug;
		};
		370EFFEB2A14EE4600CF9C91 /* Release */ = {
			isa = XCBuildConfiguration;
			buildSettings = {
				BUNDLE_LOADER = "$(TEST_HOST)";
				CODE_SIGN_STYLE = Automatic;
				CURRENT_PROJECT_VERSION = 1;
				DEVELOPMENT_TEAM = FB8LQ6BXM4;
				GENERATE_INFOPLIST_FILE = YES;
				MARKETING_VERSION = 1.0;
				PRODUCT_BUNDLE_IDENTIFIER = md.list.ToDoListTests;
				"PRODUCT_BUNDLE_IDENTIFIER[sdk=iphoneos*]" = md.list.ToDOListTests;
				"PRODUCT_BUNDLE_IDENTIFIER[sdk=macosx*]" = md.list.ToDOListTests;
				PRODUCT_NAME = "$(TARGET_NAME)";
				SWIFT_EMIT_LOC_STRINGS = NO;
				SWIFT_VERSION = 5.0;
				TARGETED_DEVICE_FAMILY = "1,2";
				TEST_HOST = "$(BUILT_PRODUCTS_DIR)/ToDoList.app/$(BUNDLE_EXECUTABLE_FOLDER_PATH)/ToDoList";
			};
			name = Release;
		};
		37BA4F2F29FBB3B9006C5762 /* Debug */ = {
			isa = XCBuildConfiguration;
			buildSettings = {
				ALWAYS_SEARCH_USER_PATHS = NO;
				CLANG_ANALYZER_NONNULL = YES;
				CLANG_ANALYZER_NUMBER_OBJECT_CONVERSION = YES_AGGRESSIVE;
				CLANG_CXX_LANGUAGE_STANDARD = "gnu++20";
				CLANG_ENABLE_MODULES = YES;
				CLANG_ENABLE_OBJC_ARC = YES;
				CLANG_ENABLE_OBJC_WEAK = YES;
				CLANG_WARN_BLOCK_CAPTURE_AUTORELEASING = YES;
				CLANG_WARN_BOOL_CONVERSION = YES;
				CLANG_WARN_COMMA = YES;
				CLANG_WARN_CONSTANT_CONVERSION = YES;
				CLANG_WARN_DEPRECATED_OBJC_IMPLEMENTATIONS = YES;
				CLANG_WARN_DIRECT_OBJC_ISA_USAGE = YES_ERROR;
				CLANG_WARN_DOCUMENTATION_COMMENTS = YES;
				CLANG_WARN_EMPTY_BODY = YES;
				CLANG_WARN_ENUM_CONVERSION = YES;
				CLANG_WARN_INFINITE_RECURSION = YES;
				CLANG_WARN_INT_CONVERSION = YES;
				CLANG_WARN_NON_LITERAL_NULL_CONVERSION = YES;
				CLANG_WARN_OBJC_IMPLICIT_RETAIN_SELF = YES;
				CLANG_WARN_OBJC_LITERAL_CONVERSION = YES;
				CLANG_WARN_OBJC_ROOT_CLASS = YES_ERROR;
				CLANG_WARN_QUOTED_INCLUDE_IN_FRAMEWORK_HEADER = YES;
				CLANG_WARN_RANGE_LOOP_ANALYSIS = YES;
				CLANG_WARN_STRICT_PROTOTYPES = YES;
				CLANG_WARN_SUSPICIOUS_MOVE = YES;
				CLANG_WARN_UNGUARDED_AVAILABILITY = YES_AGGRESSIVE;
				CLANG_WARN_UNREACHABLE_CODE = YES;
				CLANG_WARN__DUPLICATE_METHOD_MATCH = YES;
				COPY_PHASE_STRIP = NO;
				DEBUG_INFORMATION_FORMAT = dwarf;
				DEVELOPMENT_TEAM = FB8LQ6BXM4;
				ENABLE_STRICT_OBJC_MSGSEND = YES;
				ENABLE_TESTABILITY = YES;
				GCC_C_LANGUAGE_STANDARD = gnu11;
				GCC_DYNAMIC_NO_PIC = NO;
				GCC_NO_COMMON_BLOCKS = YES;
				GCC_OPTIMIZATION_LEVEL = 0;
				GCC_PREPROCESSOR_DEFINITIONS = (
					"DEBUG=1",
					"$(inherited)",
				);
				GCC_WARN_64_TO_32_BIT_CONVERSION = YES;
				GCC_WARN_ABOUT_RETURN_TYPE = YES_ERROR;
				GCC_WARN_UNDECLARED_SELECTOR = YES;
				GCC_WARN_UNINITIALIZED_AUTOS = YES_AGGRESSIVE;
				GCC_WARN_UNUSED_FUNCTION = YES;
				GCC_WARN_UNUSED_VARIABLE = YES;
				IPHONEOS_DEPLOYMENT_TARGET = 16.4;
				MTL_ENABLE_DEBUG_INFO = INCLUDE_SOURCE;
				MTL_FAST_MATH = YES;
				ONLY_ACTIVE_ARCH = YES;
				PRODUCT_BUNDLE_IDENTIFIER = com.list.ToDOList;
				SDKROOT = iphoneos;
				SWIFT_ACTIVE_COMPILATION_CONDITIONS = DEBUG;
				SWIFT_OPTIMIZATION_LEVEL = "-Onone";
			};
			name = Debug;
		};
		37BA4F3029FBB3B9006C5762 /* Release */ = {
			isa = XCBuildConfiguration;
			buildSettings = {
				ALWAYS_SEARCH_USER_PATHS = NO;
				CLANG_ANALYZER_NONNULL = YES;
				CLANG_ANALYZER_NUMBER_OBJECT_CONVERSION = YES_AGGRESSIVE;
				CLANG_CXX_LANGUAGE_STANDARD = "gnu++20";
				CLANG_ENABLE_MODULES = YES;
				CLANG_ENABLE_OBJC_ARC = YES;
				CLANG_ENABLE_OBJC_WEAK = YES;
				CLANG_WARN_BLOCK_CAPTURE_AUTORELEASING = YES;
				CLANG_WARN_BOOL_CONVERSION = YES;
				CLANG_WARN_COMMA = YES;
				CLANG_WARN_CONSTANT_CONVERSION = YES;
				CLANG_WARN_DEPRECATED_OBJC_IMPLEMENTATIONS = YES;
				CLANG_WARN_DIRECT_OBJC_ISA_USAGE = YES_ERROR;
				CLANG_WARN_DOCUMENTATION_COMMENTS = YES;
				CLANG_WARN_EMPTY_BODY = YES;
				CLANG_WARN_ENUM_CONVERSION = YES;
				CLANG_WARN_INFINITE_RECURSION = YES;
				CLANG_WARN_INT_CONVERSION = YES;
				CLANG_WARN_NON_LITERAL_NULL_CONVERSION = YES;
				CLANG_WARN_OBJC_IMPLICIT_RETAIN_SELF = YES;
				CLANG_WARN_OBJC_LITERAL_CONVERSION = YES;
				CLANG_WARN_OBJC_ROOT_CLASS = YES_ERROR;
				CLANG_WARN_QUOTED_INCLUDE_IN_FRAMEWORK_HEADER = YES;
				CLANG_WARN_RANGE_LOOP_ANALYSIS = YES;
				CLANG_WARN_STRICT_PROTOTYPES = YES;
				CLANG_WARN_SUSPICIOUS_MOVE = YES;
				CLANG_WARN_UNGUARDED_AVAILABILITY = YES_AGGRESSIVE;
				CLANG_WARN_UNREACHABLE_CODE = YES;
				CLANG_WARN__DUPLICATE_METHOD_MATCH = YES;
				COPY_PHASE_STRIP = NO;
				DEBUG_INFORMATION_FORMAT = "dwarf-with-dsym";
				DEVELOPMENT_TEAM = FB8LQ6BXM4;
				ENABLE_NS_ASSERTIONS = NO;
				ENABLE_STRICT_OBJC_MSGSEND = YES;
				GCC_C_LANGUAGE_STANDARD = gnu11;
				GCC_NO_COMMON_BLOCKS = YES;
				GCC_WARN_64_TO_32_BIT_CONVERSION = YES;
				GCC_WARN_ABOUT_RETURN_TYPE = YES_ERROR;
				GCC_WARN_UNDECLARED_SELECTOR = YES;
				GCC_WARN_UNINITIALIZED_AUTOS = YES_AGGRESSIVE;
				GCC_WARN_UNUSED_FUNCTION = YES;
				GCC_WARN_UNUSED_VARIABLE = YES;
				IPHONEOS_DEPLOYMENT_TARGET = 16.4;
				MTL_ENABLE_DEBUG_INFO = NO;
				MTL_FAST_MATH = YES;
				PRODUCT_BUNDLE_IDENTIFIER = com.list.ToDOList;
				SDKROOT = iphoneos;
				SWIFT_COMPILATION_MODE = wholemodule;
				SWIFT_OPTIMIZATION_LEVEL = "-O";
				VALIDATE_PRODUCT = YES;
			};
			name = Release;
		};
		37BA4F3229FBB3B9006C5762 /* Debug */ = {
			isa = XCBuildConfiguration;
			buildSettings = {
				ASSETCATALOG_COMPILER_APPICON_NAME = AppIcon;
				ASSETCATALOG_COMPILER_GLOBAL_ACCENT_COLOR_NAME = AccentColor;
				CODE_SIGN_IDENTITY = "Apple Development";
				CODE_SIGN_STYLE = Automatic;
				CURRENT_PROJECT_VERSION = 1;
				DEVELOPMENT_TEAM = FB8LQ6BXM4;
				GENERATE_INFOPLIST_FILE = YES;
				INFOPLIST_FILE = ToDoList/Storage/Info.plist;
				INFOPLIST_KEY_LSApplicationCategoryType = "public.app-category.travel";
				INFOPLIST_KEY_UIApplicationSupportsIndirectInputEvents = YES;
				INFOPLIST_KEY_UILaunchStoryboardName = LaunchScreen;
				INFOPLIST_KEY_UIRequiresFullScreen = NO;
				INFOPLIST_KEY_UIStatusBarStyle = "";
				INFOPLIST_KEY_UISupportedInterfaceOrientations = UIInterfaceOrientationPortrait;
				IPHONEOS_DEPLOYMENT_TARGET = 13.0;
				LD_RUNPATH_SEARCH_PATHS = (
					"$(inherited)",
					"@executable_path/Frameworks",
				);
				MARKETING_VERSION = 1.0;
				PRODUCT_BUNDLE_IDENTIFIER = md.list.ToDOList;
				PRODUCT_NAME = "$(TARGET_NAME)";
				PROVISIONING_PROFILE_SPECIFIER = "";
				SWIFT_EMIT_LOC_STRINGS = YES;
				SWIFT_VERSION = 5.0;
				TARGETED_DEVICE_FAMILY = "1,2";
			};
			name = Debug;
		};
		37BA4F3329FBB3B9006C5762 /* Release */ = {
			isa = XCBuildConfiguration;
			buildSettings = {
				ASSETCATALOG_COMPILER_APPICON_NAME = AppIcon;
				ASSETCATALOG_COMPILER_GLOBAL_ACCENT_COLOR_NAME = AccentColor;
				CODE_SIGN_IDENTITY = "Apple Development";
				CODE_SIGN_STYLE = Automatic;
				CURRENT_PROJECT_VERSION = 1;
				DEVELOPMENT_TEAM = FB8LQ6BXM4;
				GENERATE_INFOPLIST_FILE = YES;
				INFOPLIST_FILE = ToDoList/Storage/Info.plist;
				INFOPLIST_KEY_LSApplicationCategoryType = "public.app-category.travel";
				INFOPLIST_KEY_UIApplicationSupportsIndirectInputEvents = YES;
				INFOPLIST_KEY_UILaunchStoryboardName = LaunchScreen;
				INFOPLIST_KEY_UIRequiresFullScreen = NO;
				INFOPLIST_KEY_UIStatusBarStyle = "";
				INFOPLIST_KEY_UISupportedInterfaceOrientations = UIInterfaceOrientationPortrait;
				IPHONEOS_DEPLOYMENT_TARGET = 13.0;
				LD_RUNPATH_SEARCH_PATHS = (
					"$(inherited)",
					"@executable_path/Frameworks",
				);
				MARKETING_VERSION = 1.0;
				PRODUCT_BUNDLE_IDENTIFIER = md.list.ToDOList;
				PRODUCT_NAME = "$(TARGET_NAME)";
				PROVISIONING_PROFILE_SPECIFIER = "";
				SWIFT_EMIT_LOC_STRINGS = YES;
				SWIFT_VERSION = 5.0;
				TARGETED_DEVICE_FAMILY = "1,2";
			};
			name = Release;
		};
/* End XCBuildConfiguration section */

/* Begin XCConfigurationList section */
		370EFFE92A14EE4600CF9C91 /* Build configuration list for PBXNativeTarget "ToDoListTests" */ = {
			isa = XCConfigurationList;
			buildConfigurations = (
				370EFFEA2A14EE4600CF9C91 /* Debug */,
				370EFFEB2A14EE4600CF9C91 /* Release */,
			);
			defaultConfigurationIsVisible = 0;
			defaultConfigurationName = Release;
		};
		37BA4F1529FBB3B9006C5762 /* Build configuration list for PBXProject "ToDoList" */ = {
			isa = XCConfigurationList;
			buildConfigurations = (
				37BA4F2F29FBB3B9006C5762 /* Debug */,
				37BA4F3029FBB3B9006C5762 /* Release */,
			);
			defaultConfigurationIsVisible = 0;
			defaultConfigurationName = Release;
		};
		37BA4F3129FBB3B9006C5762 /* Build configuration list for PBXNativeTarget "ToDoList" */ = {
			isa = XCConfigurationList;
			buildConfigurations = (
				37BA4F3229FBB3B9006C5762 /* Debug */,
				37BA4F3329FBB3B9006C5762 /* Release */,
			);
			defaultConfigurationIsVisible = 0;
			defaultConfigurationName = Release;
		};
/* End XCConfigurationList section */

/* Begin XCVersionGroup section */
		37BA4F2629FBB3B9006C5762 /* ToDoList.xcdatamodeld */ = {
			isa = XCVersionGroup;
			children = (
				37BA4F2729FBB3B9006C5762 /* ToDoList.xcdatamodel */,
			);
			currentVersion = 37BA4F2729FBB3B9006C5762 /* ToDoList.xcdatamodel */;
			path = ToDoList.xcdatamodeld;
			sourceTree = "<group>";
			versionGroupType = wrapper.xcdatamodel;
		};
/* End XCVersionGroup section */
	};
	rootObject = 37BA4F1229FBB3B9006C5762 /* Project object */;
}
